// !$*UTF8*$!
{
	archiveVersion = 1;
	classes = {
	};
	objectVersion = 77;
	objects = {

/* Begin PBXBuildFile section */
		5AB669662F2687FC0036D71B /* WidgetKit.framework in Frameworks */ = {isa = PBXBuildFile; fileRef = 5AB669652F2687FC0036D71B /* WidgetKit.framework */; };
		5AB669682F2687FC0036D71B /* SwiftUI.framework in Frameworks */ = {isa = PBXBuildFile; fileRef = 5AB669672F2687FC0036D71B /* SwiftUI.framework */; };
		5AB669752F2687FD0036D71B /* CheckpointWidgetExtension.appex in Embed Foundation Extensions */ = {isa = PBXBuildFile; fileRef = 5AB669632F2687FC0036D71B /* CheckpointWidgetExtension.appex */; settings = {ATTRIBUTES = (RemoveHeadersOnCopy, ); }; };
/* End PBXBuildFile section */

/* Begin PBXContainerItemProxy section */
		5AAAA9372F2084330002A8C6 /* PBXContainerItemProxy */ = {
			isa = PBXContainerItemProxy;
			containerPortal = 5AAAA91F2F2084320002A8C6 /* Project object */;
			proxyType = 1;
			remoteGlobalIDString = 5AAAA9262F2084320002A8C6;
			remoteInfo = checkpoint;
		};
		5AAAA9412F2084330002A8C6 /* PBXContainerItemProxy */ = {
			isa = PBXContainerItemProxy;
			containerPortal = 5AAAA91F2F2084320002A8C6 /* Project object */;
			proxyType = 1;
			remoteGlobalIDString = 5AAAA9262F2084320002A8C6;
			remoteInfo = checkpoint;
		};
		5AB669732F2687FD0036D71B /* PBXContainerItemProxy */ = {
			isa = PBXContainerItemProxy;
			containerPortal = 5AAAA91F2F2084320002A8C6 /* Project object */;
			proxyType = 1;
			remoteGlobalIDString = 5AB669622F2687FC0036D71B;
			remoteInfo = CheckpointWidgetExtension;
		};
/* End PBXContainerItemProxy section */

/* Begin PBXCopyFilesBuildPhase section */
		5AB6697A2F2687FD0036D71B /* Embed Foundation Extensions */ = {
			isa = PBXCopyFilesBuildPhase;
			buildActionMask = 2147483647;
			dstPath = "";
			dstSubfolderSpec = 13;
			files = (
				5AB669752F2687FD0036D71B /* CheckpointWidgetExtension.appex in Embed Foundation Extensions */,
			);
			name = "Embed Foundation Extensions";
			runOnlyForDeploymentPostprocessing = 0;
		};
/* End PBXCopyFilesBuildPhase section */

/* Begin PBXFileReference section */
		5AAAA9272F2084320002A8C6 /* checkpoint.app */ = {isa = PBXFileReference; explicitFileType = wrapper.application; includeInIndex = 0; path = checkpoint.app; sourceTree = BUILT_PRODUCTS_DIR; };
		5AAAA9362F2084330002A8C6 /* checkpointTests.xctest */ = {isa = PBXFileReference; explicitFileType = wrapper.cfbundle; includeInIndex = 0; path = checkpointTests.xctest; sourceTree = BUILT_PRODUCTS_DIR; };
		5AAAA9402F2084330002A8C6 /* checkpointUITests.xctest */ = {isa = PBXFileReference; explicitFileType = wrapper.cfbundle; includeInIndex = 0; path = checkpointUITests.xctest; sourceTree = BUILT_PRODUCTS_DIR; };
		5AB669632F2687FC0036D71B /* CheckpointWidgetExtension.appex */ = {isa = PBXFileReference; explicitFileType = "wrapper.app-extension"; includeInIndex = 0; path = CheckpointWidgetExtension.appex; sourceTree = BUILT_PRODUCTS_DIR; };
		5AB669652F2687FC0036D71B /* WidgetKit.framework */ = {isa = PBXFileReference; lastKnownFileType = wrapper.framework; name = WidgetKit.framework; path = System/Library/Frameworks/WidgetKit.framework; sourceTree = SDKROOT; };
		5AB669672F2687FC0036D71B /* SwiftUI.framework */ = {isa = PBXFileReference; lastKnownFileType = wrapper.framework; name = SwiftUI.framework; path = System/Library/Frameworks/SwiftUI.framework; sourceTree = SDKROOT; };
		5AB6698C2F268BBA0036D71B /* CheckpointWidgetExtension.entitlements */ = {isa = PBXFileReference; lastKnownFileType = text.plist.entitlements; path = CheckpointWidgetExtension.entitlements; sourceTree = "<group>"; };
/* End PBXFileReference section */

/* Begin PBXFileSystemSynchronizedBuildFileExceptionSet section */
		5AB669762F2687FD0036D71B /* Exceptions for "CheckpointWidget" folder in "CheckpointWidgetExtension" target */ = {
			isa = PBXFileSystemSynchronizedBuildFileExceptionSet;
			membershipExceptions = (
				Info.plist,
			);
			target = 5AB669622F2687FC0036D71B /* CheckpointWidgetExtension */;
		};
/* End PBXFileSystemSynchronizedBuildFileExceptionSet section */

/* Begin PBXFileSystemSynchronizedRootGroup section */
		5AAAA9292F2084320002A8C6 /* checkpoint */ = {
			isa = PBXFileSystemSynchronizedRootGroup;
			path = checkpoint;
			sourceTree = "<group>";
		};
		5AAAA9392F2084330002A8C6 /* checkpointTests */ = {
			isa = PBXFileSystemSynchronizedRootGroup;
			path = checkpointTests;
			sourceTree = "<group>";
		};
		5AAAA9432F2084330002A8C6 /* checkpointUITests */ = {
			isa = PBXFileSystemSynchronizedRootGroup;
			path = checkpointUITests;
			sourceTree = "<group>";
		};
		5AB669692F2687FD0036D71B /* CheckpointWidget */ = {
			isa = PBXFileSystemSynchronizedRootGroup;
			exceptions = (
				5AB669762F2687FD0036D71B /* Exceptions for "CheckpointWidget" folder in "CheckpointWidgetExtension" target */,
			);
			path = CheckpointWidget;
			sourceTree = "<group>";
		};
/* End PBXFileSystemSynchronizedRootGroup section */

/* Begin PBXFrameworksBuildPhase section */
		5AAAA9242F2084320002A8C6 /* Frameworks */ = {
			isa = PBXFrameworksBuildPhase;
			buildActionMask = 2147483647;
			files = (
			);
			runOnlyForDeploymentPostprocessing = 0;
		};
		5AAAA9332F2084330002A8C6 /* Frameworks */ = {
			isa = PBXFrameworksBuildPhase;
			buildActionMask = 2147483647;
			files = (
			);
			runOnlyForDeploymentPostprocessing = 0;
		};
		5AAAA93D2F2084330002A8C6 /* Frameworks */ = {
			isa = PBXFrameworksBuildPhase;
			buildActionMask = 2147483647;
			files = (
			);
			runOnlyForDeploymentPostprocessing = 0;
		};
		5AB669602F2687FC0036D71B /* Frameworks */ = {
			isa = PBXFrameworksBuildPhase;
			buildActionMask = 2147483647;
			files = (
				5AB669682F2687FC0036D71B /* SwiftUI.framework in Frameworks */,
				5AB669662F2687FC0036D71B /* WidgetKit.framework in Frameworks */,
			);
			runOnlyForDeploymentPostprocessing = 0;
		};
/* End PBXFrameworksBuildPhase section */

/* Begin PBXGroup section */
		5AAAA91E2F2084320002A8C6 = {
			isa = PBXGroup;
			children = (
				5AB6698C2F268BBA0036D71B /* CheckpointWidgetExtension.entitlements */,
				5AAAA9292F2084320002A8C6 /* checkpoint */,
				5AAAA9392F2084330002A8C6 /* checkpointTests */,
				5AAAA9432F2084330002A8C6 /* checkpointUITests */,
				5AB669692F2687FD0036D71B /* CheckpointWidget */,
				5AB669642F2687FC0036D71B /* Frameworks */,
				5AAAA9282F2084320002A8C6 /* Products */,
			);
			sourceTree = "<group>";
		};
		5AAAA9282F2084320002A8C6 /* Products */ = {
			isa = PBXGroup;
			children = (
				5AAAA9272F2084320002A8C6 /* checkpoint.app */,
				5AAAA9362F2084330002A8C6 /* checkpointTests.xctest */,
				5AAAA9402F2084330002A8C6 /* checkpointUITests.xctest */,
				5AB669632F2687FC0036D71B /* CheckpointWidgetExtension.appex */,
			);
			name = Products;
			sourceTree = "<group>";
		};
		5AB669642F2687FC0036D71B /* Frameworks */ = {
			isa = PBXGroup;
			children = (
				5AB669652F2687FC0036D71B /* WidgetKit.framework */,
				5AB669672F2687FC0036D71B /* SwiftUI.framework */,
			);
			name = Frameworks;
			sourceTree = "<group>";
		};
/* End PBXGroup section */

/* Begin PBXNativeTarget section */
		5AAAA9262F2084320002A8C6 /* checkpoint */ = {
			isa = PBXNativeTarget;
			buildConfigurationList = 5AAAA94A2F2084330002A8C6 /* Build configuration list for PBXNativeTarget "checkpoint" */;
			buildPhases = (
				5AAAA9232F2084320002A8C6 /* Sources */,
				5AAAA9242F2084320002A8C6 /* Frameworks */,
				5AAAA9252F2084320002A8C6 /* Resources */,
				5AB6697A2F2687FD0036D71B /* Embed Foundation Extensions */,
			);
			buildRules = (
			);
			dependencies = (
				5AB669742F2687FD0036D71B /* PBXTargetDependency */,
			);
			fileSystemSynchronizedGroups = (
				5AAAA9292F2084320002A8C6 /* checkpoint */,
			);
			name = checkpoint;
			packageProductDependencies = (
			);
			productName = checkpoint;
			productReference = 5AAAA9272F2084320002A8C6 /* checkpoint.app */;
			productType = "com.apple.product-type.application";
		};
		5AAAA9352F2084330002A8C6 /* checkpointTests */ = {
			isa = PBXNativeTarget;
			buildConfigurationList = 5AAAA94D2F2084330002A8C6 /* Build configuration list for PBXNativeTarget "checkpointTests" */;
			buildPhases = (
				5AAAA9322F2084330002A8C6 /* Sources */,
				5AAAA9332F2084330002A8C6 /* Frameworks */,
				5AAAA9342F2084330002A8C6 /* Resources */,
			);
			buildRules = (
			);
			dependencies = (
				5AAAA9382F2084330002A8C6 /* PBXTargetDependency */,
			);
			fileSystemSynchronizedGroups = (
				5AAAA9392F2084330002A8C6 /* checkpointTests */,
			);
			name = checkpointTests;
			packageProductDependencies = (
			);
			productName = checkpointTests;
			productReference = 5AAAA9362F2084330002A8C6 /* checkpointTests.xctest */;
			productType = "com.apple.product-type.bundle.unit-test";
		};
		5AAAA93F2F2084330002A8C6 /* checkpointUITests */ = {
			isa = PBXNativeTarget;
			buildConfigurationList = 5AAAA9502F2084330002A8C6 /* Build configuration list for PBXNativeTarget "checkpointUITests" */;
			buildPhases = (
				5AAAA93C2F2084330002A8C6 /* Sources */,
				5AAAA93D2F2084330002A8C6 /* Frameworks */,
				5AAAA93E2F2084330002A8C6 /* Resources */,
			);
			buildRules = (
			);
			dependencies = (
				5AAAA9422F2084330002A8C6 /* PBXTargetDependency */,
			);
			fileSystemSynchronizedGroups = (
				5AAAA9432F2084330002A8C6 /* checkpointUITests */,
			);
			name = checkpointUITests;
			packageProductDependencies = (
			);
			productName = checkpointUITests;
			productReference = 5AAAA9402F2084330002A8C6 /* checkpointUITests.xctest */;
			productType = "com.apple.product-type.bundle.ui-testing";
		};
		5AB669622F2687FC0036D71B /* CheckpointWidgetExtension */ = {
			isa = PBXNativeTarget;
			buildConfigurationList = 5AB669772F2687FD0036D71B /* Build configuration list for PBXNativeTarget "CheckpointWidgetExtension" */;
			buildPhases = (
				5AB6695F2F2687FC0036D71B /* Sources */,
				5AB669602F2687FC0036D71B /* Frameworks */,
				5AB669612F2687FC0036D71B /* Resources */,
			);
			buildRules = (
			);
			dependencies = (
			);
			fileSystemSynchronizedGroups = (
				5AB669692F2687FD0036D71B /* CheckpointWidget */,
			);
			name = CheckpointWidgetExtension;
			packageProductDependencies = (
			);
			productName = CheckpointWidgetExtension;
			productReference = 5AB669632F2687FC0036D71B /* CheckpointWidgetExtension.appex */;
			productType = "com.apple.product-type.app-extension";
		};
/* End PBXNativeTarget section */

/* Begin PBXProject section */
		5AAAA91F2F2084320002A8C6 /* Project object */ = {
			isa = PBXProject;
			attributes = {
				BuildIndependentTargetsInParallel = 1;
				LastSwiftUpdateCheck = 2620;
				LastUpgradeCheck = 2620;
				TargetAttributes = {
					5AAAA9262F2084320002A8C6 = {
						CreatedOnToolsVersion = 26.2;
					};
					5AAAA9352F2084330002A8C6 = {
						CreatedOnToolsVersion = 26.2;
						TestTargetID = 5AAAA9262F2084320002A8C6;
					};
					5AAAA93F2F2084330002A8C6 = {
						CreatedOnToolsVersion = 26.2;
						TestTargetID = 5AAAA9262F2084320002A8C6;
					};
					5AB669622F2687FC0036D71B = {
						CreatedOnToolsVersion = 26.2;
					};
				};
			};
			buildConfigurationList = 5AAAA9222F2084320002A8C6 /* Build configuration list for PBXProject "checkpoint" */;
			developmentRegion = en;
			hasScannedForEncodings = 0;
			knownRegions = (
				en,
				Base,
			);
			mainGroup = 5AAAA91E2F2084320002A8C6;
			minimizedProjectReferenceProxies = 1;
			preferredProjectObjectVersion = 77;
			productRefGroup = 5AAAA9282F2084320002A8C6 /* Products */;
			projectDirPath = "";
			projectRoot = "";
			targets = (
				5AAAA9262F2084320002A8C6 /* checkpoint */,
				5AAAA9352F2084330002A8C6 /* checkpointTests */,
				5AAAA93F2F2084330002A8C6 /* checkpointUITests */,
				5AB669622F2687FC0036D71B /* CheckpointWidgetExtension */,
			);
		};
/* End PBXProject section */

/* Begin PBXResourcesBuildPhase section */
		5AAAA9252F2084320002A8C6 /* Resources */ = {
			isa = PBXResourcesBuildPhase;
			buildActionMask = 2147483647;
			files = (
			);
			runOnlyForDeploymentPostprocessing = 0;
		};
		5AAAA9342F2084330002A8C6 /* Resources */ = {
			isa = PBXResourcesBuildPhase;
			buildActionMask = 2147483647;
			files = (
			);
			runOnlyForDeploymentPostprocessing = 0;
		};
		5AAAA93E2F2084330002A8C6 /* Resources */ = {
			isa = PBXResourcesBuildPhase;
			buildActionMask = 2147483647;
			files = (
			);
			runOnlyForDeploymentPostprocessing = 0;
		};
		5AB669612F2687FC0036D71B /* Resources */ = {
			isa = PBXResourcesBuildPhase;
			buildActionMask = 2147483647;
			files = (
			);
			runOnlyForDeploymentPostprocessing = 0;
		};
/* End PBXResourcesBuildPhase section */

/* Begin PBXSourcesBuildPhase section */
		5AAAA9232F2084320002A8C6 /* Sources */ = {
			isa = PBXSourcesBuildPhase;
			buildActionMask = 2147483647;
			files = (
			);
			runOnlyForDeploymentPostprocessing = 0;
		};
		5AAAA9322F2084330002A8C6 /* Sources */ = {
			isa = PBXSourcesBuildPhase;
			buildActionMask = 2147483647;
			files = (
			);
			runOnlyForDeploymentPostprocessing = 0;
		};
		5AAAA93C2F2084330002A8C6 /* Sources */ = {
			isa = PBXSourcesBuildPhase;
			buildActionMask = 2147483647;
			files = (
			);
			runOnlyForDeploymentPostprocessing = 0;
		};
		5AB6695F2F2687FC0036D71B /* Sources */ = {
			isa = PBXSourcesBuildPhase;
			buildActionMask = 2147483647;
			files = (
			);
			runOnlyForDeploymentPostprocessing = 0;
		};
/* End PBXSourcesBuildPhase section */

/* Begin PBXTargetDependency section */
		5AAAA9382F2084330002A8C6 /* PBXTargetDependency */ = {
			isa = PBXTargetDependency;
			target = 5AAAA9262F2084320002A8C6 /* checkpoint */;
			targetProxy = 5AAAA9372F2084330002A8C6 /* PBXContainerItemProxy */;
		};
		5AAAA9422F2084330002A8C6 /* PBXTargetDependency */ = {
			isa = PBXTargetDependency;
			target = 5AAAA9262F2084320002A8C6 /* checkpoint */;
			targetProxy = 5AAAA9412F2084330002A8C6 /* PBXContainerItemProxy */;
		};
		5AB669742F2687FD0036D71B /* PBXTargetDependency */ = {
			isa = PBXTargetDependency;
			target = 5AB669622F2687FC0036D71B /* CheckpointWidgetExtension */;
			targetProxy = 5AB669732F2687FD0036D71B /* PBXContainerItemProxy */;
		};
/* End PBXTargetDependency section */

/* Begin XCBuildConfiguration section */
		5AAAA9482F2084330002A8C6 /* Debug */ = {
			isa = XCBuildConfiguration;
			buildSettings = {
				ALWAYS_SEARCH_USER_PATHS = NO;
				ASSETCATALOG_COMPILER_GENERATE_SWIFT_ASSET_SYMBOL_EXTENSIONS = YES;
				CLANG_ANALYZER_NONNULL = YES;
				CLANG_ANALYZER_NUMBER_OBJECT_CONVERSION = YES_AGGRESSIVE;
				CLANG_CXX_LANGUAGE_STANDARD = "gnu++20";
				CLANG_ENABLE_MODULES = YES;
				CLANG_ENABLE_OBJC_ARC = YES;
				CLANG_ENABLE_OBJC_WEAK = YES;
				CLANG_WARN_BLOCK_CAPTURE_AUTORELEASING = YES;
				CLANG_WARN_BOOL_CONVERSION = YES;
				CLANG_WARN_COMMA = YES;
				CLANG_WARN_CONSTANT_CONVERSION = YES;
				CLANG_WARN_DEPRECATED_OBJC_IMPLEMENTATIONS = YES;
				CLANG_WARN_DIRECT_OBJC_ISA_USAGE = YES_ERROR;
				CLANG_WARN_DOCUMENTATION_COMMENTS = YES;
				CLANG_WARN_EMPTY_BODY = YES;
				CLANG_WARN_ENUM_CONVERSION = YES;
				CLANG_WARN_INFINITE_RECURSION = YES;
				CLANG_WARN_INT_CONVERSION = YES;
				CLANG_WARN_NON_LITERAL_NULL_CONVERSION = YES;
				CLANG_WARN_OBJC_IMPLICIT_RETAIN_SELF = YES;
				CLANG_WARN_OBJC_LITERAL_CONVERSION = YES;
				CLANG_WARN_OBJC_ROOT_CLASS = YES_ERROR;
				CLANG_WARN_QUOTED_INCLUDE_IN_FRAMEWORK_HEADER = YES;
				CLANG_WARN_RANGE_LOOP_ANALYSIS = YES;
				CLANG_WARN_STRICT_PROTOTYPES = YES;
				CLANG_WARN_SUSPICIOUS_MOVE = YES;
				CLANG_WARN_UNGUARDED_AVAILABILITY = YES_AGGRESSIVE;
				CLANG_WARN_UNREACHABLE_CODE = YES;
				CLANG_WARN__DUPLICATE_METHOD_MATCH = YES;
				COPY_PHASE_STRIP = NO;
				DEBUG_INFORMATION_FORMAT = dwarf;
				ENABLE_STRICT_OBJC_MSGSEND = YES;
				ENABLE_TESTABILITY = YES;
				ENABLE_USER_SCRIPT_SANDBOXING = YES;
				GCC_C_LANGUAGE_STANDARD = gnu17;
				GCC_DYNAMIC_NO_PIC = NO;
				GCC_NO_COMMON_BLOCKS = YES;
				GCC_OPTIMIZATION_LEVEL = 0;
				GCC_PREPROCESSOR_DEFINITIONS = (
					"DEBUG=1",
					"$(inherited)",
				);
				GCC_WARN_64_TO_32_BIT_CONVERSION = YES;
				GCC_WARN_ABOUT_RETURN_TYPE = YES_ERROR;
				GCC_WARN_UNDECLARED_SELECTOR = YES;
				GCC_WARN_UNINITIALIZED_AUTOS = YES_AGGRESSIVE;
				GCC_WARN_UNUSED_FUNCTION = YES;
				GCC_WARN_UNUSED_VARIABLE = YES;
				IPHONEOS_DEPLOYMENT_TARGET = 26.2;
				LOCALIZATION_PREFERS_STRING_CATALOGS = YES;
				MTL_ENABLE_DEBUG_INFO = INCLUDE_SOURCE;
				MTL_FAST_MATH = YES;
				ONLY_ACTIVE_ARCH = YES;
				SDKROOT = iphoneos;
				SWIFT_ACTIVE_COMPILATION_CONDITIONS = "DEBUG $(inherited)";
				SWIFT_OPTIMIZATION_LEVEL = "-Onone";
			};
			name = Debug;
		};
		5AAAA9492F2084330002A8C6 /* Release */ = {
			isa = XCBuildConfiguration;
			buildSettings = {
				ALWAYS_SEARCH_USER_PATHS = NO;
				ASSETCATALOG_COMPILER_GENERATE_SWIFT_ASSET_SYMBOL_EXTENSIONS = YES;
				CLANG_ANALYZER_NONNULL = YES;
				CLANG_ANALYZER_NUMBER_OBJECT_CONVERSION = YES_AGGRESSIVE;
				CLANG_CXX_LANGUAGE_STANDARD = "gnu++20";
				CLANG_ENABLE_MODULES = YES;
				CLANG_ENABLE_OBJC_ARC = YES;
				CLANG_ENABLE_OBJC_WEAK = YES;
				CLANG_WARN_BLOCK_CAPTURE_AUTORELEASING = YES;
				CLANG_WARN_BOOL_CONVERSION = YES;
				CLANG_WARN_COMMA = YES;
				CLANG_WARN_CONSTANT_CONVERSION = YES;
				CLANG_WARN_DEPRECATED_OBJC_IMPLEMENTATIONS = YES;
				CLANG_WARN_DIRECT_OBJC_ISA_USAGE = YES_ERROR;
				CLANG_WARN_DOCUMENTATION_COMMENTS = YES;
				CLANG_WARN_EMPTY_BODY = YES;
				CLANG_WARN_ENUM_CONVERSION = YES;
				CLANG_WARN_INFINITE_RECURSION = YES;
				CLANG_WARN_INT_CONVERSION = YES;
				CLANG_WARN_NON_LITERAL_NULL_CONVERSION = YES;
				CLANG_WARN_OBJC_IMPLICIT_RETAIN_SELF = YES;
				CLANG_WARN_OBJC_LITERAL_CONVERSION = YES;
				CLANG_WARN_OBJC_ROOT_CLASS = YES_ERROR;
				CLANG_WARN_QUOTED_INCLUDE_IN_FRAMEWORK_HEADER = YES;
				CLANG_WARN_RANGE_LOOP_ANALYSIS = YES;
				CLANG_WARN_STRICT_PROTOTYPES = YES;
				CLANG_WARN_SUSPICIOUS_MOVE = YES;
				CLANG_WARN_UNGUARDED_AVAILABILITY = YES_AGGRESSIVE;
				CLANG_WARN_UNREACHABLE_CODE = YES;
				CLANG_WARN__DUPLICATE_METHOD_MATCH = YES;
				COPY_PHASE_STRIP = NO;
				DEBUG_INFORMATION_FORMAT = "dwarf-with-dsym";
				ENABLE_NS_ASSERTIONS = NO;
				ENABLE_STRICT_OBJC_MSGSEND = YES;
				ENABLE_USER_SCRIPT_SANDBOXING = YES;
				GCC_C_LANGUAGE_STANDARD = gnu17;
				GCC_NO_COMMON_BLOCKS = YES;
				GCC_WARN_64_TO_32_BIT_CONVERSION = YES;
				GCC_WARN_ABOUT_RETURN_TYPE = YES_ERROR;
				GCC_WARN_UNDECLARED_SELECTOR = YES;
				GCC_WARN_UNINITIALIZED_AUTOS = YES_AGGRESSIVE;
				GCC_WARN_UNUSED_FUNCTION = YES;
				GCC_WARN_UNUSED_VARIABLE = YES;
				IPHONEOS_DEPLOYMENT_TARGET = 26.2;
				LOCALIZATION_PREFERS_STRING_CATALOGS = YES;
				MTL_ENABLE_DEBUG_INFO = NO;
				MTL_FAST_MATH = YES;
				SDKROOT = iphoneos;
				SWIFT_COMPILATION_MODE = wholemodule;
				VALIDATE_PRODUCT = YES;
			};
			name = Release;
		};
		5AAAA94B2F2084330002A8C6 /* Debug */ = {
			isa = XCBuildConfiguration;
			buildSettings = {
				ASSETCATALOG_COMPILER_APPICON_NAME = AppIcon;
				ASSETCATALOG_COMPILER_GLOBAL_ACCENT_COLOR_NAME = AccentColor;
				CODE_SIGN_ENTITLEMENTS = checkpoint/checkpoint.entitlements;
				CODE_SIGN_STYLE = Automatic;
				CURRENT_PROJECT_VERSION = 1;
				DEVELOPMENT_TEAM = WU2PJ8AT65;
				ENABLE_PREVIEWS = YES;
				GENERATE_INFOPLIST_FILE = YES;
				INFOPLIST_FILE = "Supporting Files/Info.plist";
				INFOPLIST_KEY_UIApplicationSceneManifest_Generation = YES;
				INFOPLIST_KEY_UIApplicationSupportsIndirectInputEvents = YES;
				INFOPLIST_KEY_UILaunchScreen_Generation = YES;
				INFOPLIST_KEY_UISupportedInterfaceOrientations_iPad = "UIInterfaceOrientationPortrait UIInterfaceOrientationPortraitUpsideDown";
				INFOPLIST_KEY_UISupportedInterfaceOrientations_iPhone = UIInterfaceOrientationPortrait;
				LD_RUNPATH_SEARCH_PATHS = (
					"$(inherited)",
					"@executable_path/Frameworks",
				);
				MARKETING_VERSION = 1.0;
				PRODUCT_BUNDLE_IDENTIFIER = "com.418-studio.checkpoint";
				PRODUCT_NAME = "$(TARGET_NAME)";
				STRING_CATALOG_GENERATE_SYMBOLS = YES;
				SWIFT_APPROACHABLE_CONCURRENCY = YES;
				SWIFT_DEFAULT_ACTOR_ISOLATION = MainActor;
				SWIFT_EMIT_LOC_STRINGS = YES;
				SWIFT_UPCOMING_FEATURE_MEMBER_IMPORT_VISIBILITY = YES;
				SWIFT_VERSION = 5.0;
				TARGETED_DEVICE_FAMILY = "1,2";
			};
			name = Debug;
		};
		5AAAA94C2F2084330002A8C6 /* Release */ = {
			isa = XCBuildConfiguration;
			buildSettings = {
				ASSETCATALOG_COMPILER_APPICON_NAME = AppIcon;
				ASSETCATALOG_COMPILER_GLOBAL_ACCENT_COLOR_NAME = AccentColor;
				CODE_SIGN_ENTITLEMENTS = checkpoint/checkpoint.entitlements;
				CODE_SIGN_STYLE = Automatic;
				CURRENT_PROJECT_VERSION = 1;
				DEVELOPMENT_TEAM = WU2PJ8AT65;
				ENABLE_PREVIEWS = YES;
				GENERATE_INFOPLIST_FILE = YES;
				INFOPLIST_FILE = "Supporting Files/Info.plist";
				INFOPLIST_KEY_UIApplicationSceneManifest_Generation = YES;
				INFOPLIST_KEY_UIApplicationSupportsIndirectInputEvents = YES;
				INFOPLIST_KEY_UILaunchScreen_Generation = YES;
				INFOPLIST_KEY_UISupportedInterfaceOrientations_iPad = "UIInterfaceOrientationPortrait UIInterfaceOrientationPortraitUpsideDown";
				INFOPLIST_KEY_UISupportedInterfaceOrientations_iPhone = UIInterfaceOrientationPortrait;
				LD_RUNPATH_SEARCH_PATHS = (
					"$(inherited)",
					"@executable_path/Frameworks",
				);
				MARKETING_VERSION = 1.0;
				PRODUCT_BUNDLE_IDENTIFIER = "com.418-studio.checkpoint";
				PRODUCT_NAME = "$(TARGET_NAME)";
				STRING_CATALOG_GENERATE_SYMBOLS = YES;
				SWIFT_APPROACHABLE_CONCURRENCY = YES;
				SWIFT_DEFAULT_ACTOR_ISOLATION = MainActor;
				SWIFT_EMIT_LOC_STRINGS = YES;
				SWIFT_UPCOMING_FEATURE_MEMBER_IMPORT_VISIBILITY = YES;
				SWIFT_VERSION = 5.0;
				TARGETED_DEVICE_FAMILY = "1,2";
			};
			name = Release;
		};
		5AAAA94E2F2084330002A8C6 /* Debug */ = {
			isa = XCBuildConfiguration;
			buildSettings = {
				BUNDLE_LOADER = "$(TEST_HOST)";
				CODE_SIGN_STYLE = Automatic;
				CURRENT_PROJECT_VERSION = 1;
				GENERATE_INFOPLIST_FILE = YES;
				IPHONEOS_DEPLOYMENT_TARGET = 26.2;
				MARKETING_VERSION = 1.0;
				PRODUCT_BUNDLE_IDENTIFIER = "com.418-studio.checkpointTests";
				PRODUCT_NAME = "$(TARGET_NAME)";
				STRING_CATALOG_GENERATE_SYMBOLS = NO;
				SWIFT_APPROACHABLE_CONCURRENCY = YES;
				SWIFT_EMIT_LOC_STRINGS = NO;
				SWIFT_UPCOMING_FEATURE_MEMBER_IMPORT_VISIBILITY = YES;
				SWIFT_VERSION = 5.0;
				TARGETED_DEVICE_FAMILY = "1,2";
				TEST_HOST = "$(BUILT_PRODUCTS_DIR)/checkpoint.app/$(BUNDLE_EXECUTABLE_FOLDER_PATH)/checkpoint";
			};
			name = Debug;
		};
		5AAAA94F2F2084330002A8C6 /* Release */ = {
			isa = XCBuildConfiguration;
			buildSettings = {
				BUNDLE_LOADER = "$(TEST_HOST)";
				CODE_SIGN_STYLE = Automatic;
				CURRENT_PROJECT_VERSION = 1;
				GENERATE_INFOPLIST_FILE = YES;
				IPHONEOS_DEPLOYMENT_TARGET = 26.2;
				MARKETING_VERSION = 1.0;
				PRODUCT_BUNDLE_IDENTIFIER = "com.418-studio.checkpointTests";
				PRODUCT_NAME = "$(TARGET_NAME)";
				STRING_CATALOG_GENERATE_SYMBOLS = NO;
				SWIFT_APPROACHABLE_CONCURRENCY = YES;
				SWIFT_EMIT_LOC_STRINGS = NO;
				SWIFT_UPCOMING_FEATURE_MEMBER_IMPORT_VISIBILITY = YES;
				SWIFT_VERSION = 5.0;
				TARGETED_DEVICE_FAMILY = "1,2";
				TEST_HOST = "$(BUILT_PRODUCTS_DIR)/checkpoint.app/$(BUNDLE_EXECUTABLE_FOLDER_PATH)/checkpoint";
			};
			name = Release;
		};
		5AAAA9512F2084330002A8C6 /* Debug */ = {
			isa = XCBuildConfiguration;
			buildSettings = {
				CODE_SIGN_STYLE = Automatic;
				CURRENT_PROJECT_VERSION = 1;
				GENERATE_INFOPLIST_FILE = YES;
				MARKETING_VERSION = 1.0;
				PRODUCT_BUNDLE_IDENTIFIER = "com.418-studio.checkpointUITests";
				PRODUCT_NAME = "$(TARGET_NAME)";
				STRING_CATALOG_GENERATE_SYMBOLS = NO;
				SWIFT_APPROACHABLE_CONCURRENCY = YES;
				SWIFT_EMIT_LOC_STRINGS = NO;
				SWIFT_UPCOMING_FEATURE_MEMBER_IMPORT_VISIBILITY = YES;
				SWIFT_VERSION = 5.0;
				TARGETED_DEVICE_FAMILY = "1,2";
				TEST_TARGET_NAME = checkpoint;
			};
			name = Debug;
		};
		5AAAA9522F2084330002A8C6 /* Release */ = {
			isa = XCBuildConfiguration;
			buildSettings = {
				CODE_SIGN_STYLE = Automatic;
				CURRENT_PROJECT_VERSION = 1;
				GENERATE_INFOPLIST_FILE = YES;
				MARKETING_VERSION = 1.0;
				PRODUCT_BUNDLE_IDENTIFIER = "com.418-studio.checkpointUITests";
				PRODUCT_NAME = "$(TARGET_NAME)";
				STRING_CATALOG_GENERATE_SYMBOLS = NO;
				SWIFT_APPROACHABLE_CONCURRENCY = YES;
				SWIFT_EMIT_LOC_STRINGS = NO;
				SWIFT_UPCOMING_FEATURE_MEMBER_IMPORT_VISIBILITY = YES;
				SWIFT_VERSION = 5.0;
				TARGETED_DEVICE_FAMILY = "1,2";
				TEST_TARGET_NAME = checkpoint;
			};
			name = Release;
		};
		5AB669782F2687FD0036D71B /* Debug */ = {
			isa = XCBuildConfiguration;
			buildSettings = {
				ASSETCATALOG_COMPILER_GLOBAL_ACCENT_COLOR_NAME = AccentColor;
				ASSETCATALOG_COMPILER_WIDGET_BACKGROUND_COLOR_NAME = WidgetBackground;
				CODE_SIGN_ENTITLEMENTS = CheckpointWidget/CheckpointWidget.entitlements;
				CODE_SIGN_STYLE = Automatic;
				CURRENT_PROJECT_VERSION = 1;
				DEVELOPMENT_TEAM = WU2PJ8AT65;
				GENERATE_INFOPLIST_FILE = YES;
				INFOPLIST_FILE = CheckpointWidget/Info.plist;
				INFOPLIST_KEY_CFBundleDisplayName = CheckpointWidget;
				INFOPLIST_KEY_NSHumanReadableCopyright = "";
				LD_RUNPATH_SEARCH_PATHS = (
					"$(inherited)",
					"@executable_path/Frameworks",
					"@executable_path/../../Frameworks",
				);
				MARKETING_VERSION = 1.0;
				PRODUCT_BUNDLE_IDENTIFIER = "com.418-studio.checkpoint.CheckpointWidget";
				PRODUCT_NAME = "$(TARGET_NAME)";
				SKIP_INSTALL = YES;
				STRING_CATALOG_GENERATE_SYMBOLS = YES;
				SWIFT_APPROACHABLE_CONCURRENCY = YES;
				SWIFT_EMIT_LOC_STRINGS = YES;
				SWIFT_UPCOMING_FEATURE_MEMBER_IMPORT_VISIBILITY = YES;
				SWIFT_VERSION = 5.0;
				TARGETED_DEVICE_FAMILY = "1,2";
			};
			name = Debug;
		};
		5AB669792F2687FD0036D71B /* Release */ = {
			isa = XCBuildConfiguration;
			buildSettings = {
				ASSETCATALOG_COMPILER_GLOBAL_ACCENT_COLOR_NAME = AccentColor;
				ASSETCATALOG_COMPILER_WIDGET_BACKGROUND_COLOR_NAME = WidgetBackground;
				CODE_SIGN_ENTITLEMENTS = CheckpointWidget/CheckpointWidget.entitlements;
				CODE_SIGN_STYLE = Automatic;
				CURRENT_PROJECT_VERSION = 1;
				DEVELOPMENT_TEAM = WU2PJ8AT65;
				GENERATE_INFOPLIST_FILE = YES;
				INFOPLIST_FILE = CheckpointWidget/Info.plist;
				INFOPLIST_KEY_CFBundleDisplayName = CheckpointWidget;
				INFOPLIST_KEY_NSHumanReadableCopyright = "";
				LD_RUNPATH_SEARCH_PATHS = (
					"$(inherited)",
					"@executable_path/Frameworks",
					"@executable_path/../../Frameworks",
				);
				MARKETING_VERSION = 1.0;
				PRODUCT_BUNDLE_IDENTIFIER = "com.418-studio.checkpoint.CheckpointWidget";
				PRODUCT_NAME = "$(TARGET_NAME)";
				SKIP_INSTALL = YES;
				STRING_CATALOG_GENERATE_SYMBOLS = YES;
				SWIFT_APPROACHABLE_CONCURRENCY = YES;
				SWIFT_EMIT_LOC_STRINGS = YES;
				SWIFT_UPCOMING_FEATURE_MEMBER_IMPORT_VISIBILITY = YES;
				SWIFT_VERSION = 5.0;
				TARGETED_DEVICE_FAMILY = "1,2";
			};
			name = Release;
		};
/* End XCBuildConfiguration section */

/* Begin XCConfigurationList section */
		5AAAA9222F2084320002A8C6 /* Build configuration list for PBXProject "checkpoint" */ = {
			isa = XCConfigurationList;
			buildConfigurations = (
				5AAAA9482F2084330002A8C6 /* Debug */,
				5AAAA9492F2084330002A8C6 /* Release */,
			);
			defaultConfigurationIsVisible = 0;
			defaultConfigurationName = Release;
		};
		5AAAA94A2F2084330002A8C6 /* Build configuration list for PBXNativeTarget "checkpoint" */ = {
			isa = XCConfigurationList;
			buildConfigurations = (
				5AAAA94B2F2084330002A8C6 /* Debug */,
				5AAAA94C2F2084330002A8C6 /* Release */,
			);
			defaultConfigurationIsVisible = 0;
			defaultConfigurationName = Release;
		};
		5AAAA94D2F2084330002A8C6 /* Build configuration list for PBXNativeTarget "checkpointTests" */ = {
			isa = XCConfigurationList;
			buildConfigurations = (
				5AAAA94E2F2084330002A8C6 /* Debug */,
				5AAAA94F2F2084330002A8C6 /* Release */,
			);
			defaultConfigurationIsVisible = 0;
			defaultConfigurationName = Release;
		};
		5AAAA9502F2084330002A8C6 /* Build configuration list for PBXNativeTarget "checkpointUITests" */ = {
			isa = XCConfigurationList;
			buildConfigurations = (
				5AAAA9512F2084330002A8C6 /* Debug */,
				5AAAA9522F2084330002A8C6 /* Release */,
			);
			defaultConfigurationIsVisible = 0;
			defaultConfigurationName = Release;
		};
		5AB669772F2687FD0036D71B /* Build configuration list for PBXNativeTarget "CheckpointWidgetExtension" */ = {
			isa = XCConfigurationList;
			buildConfigurations = (
				5AB669782F2687FD0036D71B /* Debug */,
				5AB669792F2687FD0036D71B /* Release */,
			);
			defaultConfigurationIsVisible = 0;
			defaultConfigurationName = Release;
		};
/* End XCConfigurationList section */
	};
	rootObject = 5AAAA91F2F2084320002A8C6 /* Project object */;
}
