{
  "originHash" : "4425c99ccf7ba3aa148564995e0a5afb60518aa681eb1aa2b22aea3454e9e81b",
  "pins" : [
    {
      "identity" : "posthog-ios",
      "kind" : "remoteSourceControl",
      "location" : "https://github.com/PostHog/posthog-ios",
      "state" : {
        "revision" : "1783865d79a1cabc472cf2d56a1fe3f797417b52",
        "version" : "3.40.0"
      }
    }
  ],
  "version" : 3
}
