// !$*UTF8*$!
{
	archiveVersion = 1;
	classes = {
	};
	objectVersion = 77;
	objects = {

/* Begin PBXBuildFile section */
		21C1273812F663416D1B6973 /* Foundation.framework in Frameworks */ = {isa = PBXBuildFile; fileRef = 4B7FECF9BA7CD2C07E56327F /* Foundation.framework */; };
		5F0E756C2CF2BF454AE9E891 /* Foundation.framework in Frameworks */ = {isa = PBXBuildFile; fileRef = 4B7FECF9BA7CD2C07E56327F /* Foundation.framework */; };
		B1F7B651F31034A237FA0C8F /* BiomboWidgets.appex in Embed Foundation Extensions */ = {isa = PBXBuildFile; fileRef = A1C32B6E8D106024F96A1F01 /* BiomboWidgets.appex */; settings = {ATTRIBUTES = (RemoveHeadersOnCopy, ); }; };
		FC8664E8903E1EB492498E67 /* Foundation.framework in Frameworks */ = {isa = PBXBuildFile; fileRef = 4B7FECF9BA7CD2C07E56327F /* Foundation.framework */; };
/* End PBXBuildFile section */

/* Begin PBXContainerItemProxy section */
		0D7D045B3F9EA22DA78EF230 /* PBXContainerItemProxy */ = {
			isa = PBXContainerItemProxy;
			containerPortal = 5940E47E810975EE650E41FC /* Project object */;
			proxyType = 1;
			remoteGlobalIDString = B4B245944DBDB927CAB05033;
			remoteInfo = BiomboWidgets;
		};
		3636015816408263A165ED77 /* PBXContainerItemProxy */ = {
			isa = PBXContainerItemProxy;
			containerPortal = 5940E47E810975EE650E41FC /* Project object */;
			proxyType = 1;
			remoteGlobalIDString = 757CFEEC6EB5E79AE91431DF;
			remoteInfo = Biombo;
		};
/* End PBXContainerItemProxy section */

/* Begin PBXCopyFilesBuildPhase section */
		E9D3792310060ED95A24C67D /* Embed Foundation Extensions */ = {
			isa = PBXCopyFilesBuildPhase;
			buildActionMask = 2147483647;
			dstPath = "";
			dstSubfolderSpec = 13;
			files = (
				B1F7B651F31034A237FA0C8F /* BiomboWidgets.appex in Embed Foundation Extensions */,
			);
			name = "Embed Foundation Extensions";
			runOnlyForDeploymentPostprocessing = 0;
		};
/* End PBXCopyFilesBuildPhase section */

/* Begin PBXFileReference section */
		265271AAA725BD7A5205FEDA /* Biombo.app */ = {isa = PBXFileReference; explicitFileType = wrapper.application; includeInIndex = 0; path = Biombo.app; sourceTree = BUILT_PRODUCTS_DIR; };
		38831AE7A92C53960A0CD589 /* BiomboTests.xctest */ = {isa = PBXFileReference; explicitFileType = wrapper.cfbundle; includeInIndex = 0; path = BiomboTests.xctest; sourceTree = BUILT_PRODUCTS_DIR; };
		4B7FECF9BA7CD2C07E56327F /* Foundation.framework */ = {isa = PBXFileReference; lastKnownFileType = wrapper.framework; name = Foundation.framework; path = Platforms/iPhoneOS.platform/Developer/SDKs/iPhoneOS18.0.sdk/System/Library/Frameworks/Foundation.framework; sourceTree = DEVELOPER_DIR; };
		A1C32B6E8D106024F96A1F01 /* BiomboWidgets.appex */ = {isa = PBXFileReference; explicitFileType = "wrapper.app-extension"; includeInIndex = 0; path = BiomboWidgets.appex; sourceTree = BUILT_PRODUCTS_DIR; };
/* End PBXFileReference section */

/* Begin PBXFileSystemSynchronizedBuildFileExceptionSet section */
		7E2853CE19C9233606CBF395 /* Exceptions for "Biombo" folder in "Biombo" target */ = {
			isa = PBXFileSystemSynchronizedBuildFileExceptionSet;
			membershipExceptions = (
				Features/Crisis/.gitkeep,
				Features/Progress/.gitkeep,
				Features/Watch/.gitkeep,
			);
			target = 757CFEEC6EB5E79AE91431DF /* Biombo */;
		};
/* End PBXFileSystemSynchronizedBuildFileExceptionSet section */

/* Begin PBXFileSystemSynchronizedRootGroup section */
		436F26C48479B9DD7190154D /* BiomboShared */ = {
			isa = PBXFileSystemSynchronizedRootGroup;
			exceptions = (
			);
			path = BiomboShared;
			sourceTree = "<group>";
		};
		4A169CFA3B3B6147FCDCE944 /* BiomboWidgets */ = {
			isa = PBXFileSystemSynchronizedRootGroup;
			exceptions = (
			);
			path = BiomboWidgets;
			sourceTree = "<group>";
		};
		6FD046CA1FA2D50D8C1B6AD2 /* BiomboTests */ = {
			isa = PBXFileSystemSynchronizedRootGroup;
			exceptions = (
			);
			path = BiomboTests;
			sourceTree = "<group>";
		};
		6FFF9D4D6A85A38342BB3B13 /* Biombo */ = {
			isa = PBXFileSystemSynchronizedRootGroup;
			exceptions = (
				7E2853CE19C9233606CBF395 /* Exceptions for "Biombo" folder in "Biombo" target */,
			);
			path = Biombo;
			sourceTree = "<group>";
		};
/* End PBXFileSystemSynchronizedRootGroup section */

/* Begin PBXFrameworksBuildPhase section */
		305947137301D3052519B160 /* Frameworks */ = {
			isa = PBXFrameworksBuildPhase;
			buildActionMask = 2147483647;
			files = (
				5F0E756C2CF2BF454AE9E891 /* Foundation.framework in Frameworks */,
			);
			runOnlyForDeploymentPostprocessing = 0;
		};
		3277FDE66BACF524BAFE854E /* Frameworks */ = {
			isa = PBXFrameworksBuildPhase;
			buildActionMask = 2147483647;
			files = (
				FC8664E8903E1EB492498E67 /* Foundation.framework in Frameworks */,
			);
			runOnlyForDeploymentPostprocessing = 0;
		};
		73AC4504FBB1E30E75DC8D94 /* Frameworks */ = {
			isa = PBXFrameworksBuildPhase;
			buildActionMask = 2147483647;
			files = (
				21C1273812F663416D1B6973 /* Foundation.framework in Frameworks */,
			);
			runOnlyForDeploymentPostprocessing = 0;
		};
/* End PBXFrameworksBuildPhase section */

/* Begin PBXGroup section */
		67AD487AAB7C3C0A3EC7B9C4 /* Frameworks */ = {
			isa = PBXGroup;
			children = (
				71B909F393A26F8DCCB63323 /* iOS */,
			);
			name = Frameworks;
			sourceTree = "<group>";
		};
		71B909F393A26F8DCCB63323 /* iOS */ = {
			isa = PBXGroup;
			children = (
				4B7FECF9BA7CD2C07E56327F /* Foundation.framework */,
			);
			name = iOS;
			sourceTree = "<group>";
		};
		A2FCC187BE8ED37E9481FF0E = {
			isa = PBXGroup;
			children = (
				BB1EEB2DC3CAEDA0283E78BC /* Products */,
				67AD487AAB7C3C0A3EC7B9C4 /* Frameworks */,
				6FFF9D4D6A85A38342BB3B13 /* Biombo */,
				436F26C48479B9DD7190154D /* BiomboShared */,
				4A169CFA3B3B6147FCDCE944 /* BiomboWidgets */,
				6FD046CA1FA2D50D8C1B6AD2 /* BiomboTests */,
			);
			sourceTree = "<group>";
		};
		BB1EEB2DC3CAEDA0283E78BC /* Products */ = {
			isa = PBXGroup;
			children = (
				265271AAA725BD7A5205FEDA /* Biombo.app */,
				A1C32B6E8D106024F96A1F01 /* BiomboWidgets.appex */,
				38831AE7A92C53960A0CD589 /* BiomboTests.xctest */,
			);
			name = Products;
			sourceTree = "<group>";
		};
/* End PBXGroup section */

/* Begin PBXNativeTarget section */
		17C2D21C5DEFF67E0DF941A3 /* BiomboTests */ = {
			isa = PBXNativeTarget;
			buildConfigurationList = FE7030E5516E31BD9D2585AA /* Build configuration list for PBXNativeTarget "BiomboTests" */;
			buildPhases = (
				57E44F866020A6DABF1C7E1E /* Sources */,
				3277FDE66BACF524BAFE854E /* Frameworks */,
				45D30623598B378AF5AFBAF1 /* Resources */,
			);
			buildRules = (
			);
			dependencies = (
				D04409F1D16AC5E8DB00CC12 /* PBXTargetDependency */,
			);
			fileSystemSynchronizedGroups = (
				6FD046CA1FA2D50D8C1B6AD2 /* BiomboTests */,
			);
			name = BiomboTests;
			productName = BiomboTests;
			productReference = 38831AE7A92C53960A0CD589 /* BiomboTests.xctest */;
			productType = "com.apple.product-type.bundle.unit-test";
		};
		757CFEEC6EB5E79AE91431DF /* Biombo */ = {
			isa = PBXNativeTarget;
			buildConfigurationList = 30A1D30236EE5450299F307E /* Build configuration list for PBXNativeTarget "Biombo" */;
			buildPhases = (
				28B6418E9FB8FD6F89B7BC3C /* Sources */,
				73AC4504FBB1E30E75DC8D94 /* Frameworks */,
				BAC1E49AC90F7B4C2AE69536 /* Resources */,
				E9D3792310060ED95A24C67D /* Embed Foundation Extensions */,
			);
			buildRules = (
			);
			dependencies = (
				16F043CCFF0759D1FD2DBDD1 /* PBXTargetDependency */,
			);
			fileSystemSynchronizedGroups = (
				6FFF9D4D6A85A38342BB3B13 /* Biombo */,
				436F26C48479B9DD7190154D /* BiomboShared */,
			);
			name = Biombo;
			productName = Biombo;
			productReference = 265271AAA725BD7A5205FEDA /* Biombo.app */;
			productType = "com.apple.product-type.application";
		};
		B4B245944DBDB927CAB05033 /* BiomboWidgets */ = {
			isa = PBXNativeTarget;
			buildConfigurationList = C6AC4EE82BD1B2C448484E85 /* Build configuration list for PBXNativeTarget "BiomboWidgets" */;
			buildPhases = (
				04BC66197808AF1A8CB8CE26 /* Sources */,
				305947137301D3052519B160 /* Frameworks */,
				DA135B543447FEEC3E5D2934 /* Resources */,
			);
			buildRules = (
			);
			dependencies = (
			);
			fileSystemSynchronizedGroups = (
				4A169CFA3B3B6147FCDCE944 /* BiomboWidgets */,
				436F26C48479B9DD7190154D /* BiomboShared */,
			);
			name = BiomboWidgets;
			productName = BiomboWidgets;
			productReference = A1C32B6E8D106024F96A1F01 /* BiomboWidgets.appex */;
			productType = "com.apple.product-type.app-extension";
		};
/* End PBXNativeTarget section */

/* Begin PBXProject section */
		5940E47E810975EE650E41FC /* Project object */ = {
			isa = PBXProject;
			attributes = {
				LastSwiftUpdateCheck = 2700;
				LastUpgradeCheck = 2700;
			};
			buildConfigurationList = D0B40E0FB62D3411FE9679D6 /* Build configuration list for PBXProject "Biombo" */;
			developmentRegion = es;
			hasScannedForEncodings = 0;
			knownRegions = (
				es,
				en,
				Base,
			);
			mainGroup = A2FCC187BE8ED37E9481FF0E;
			minimizedProjectReferenceProxies = 1;
			preferredProjectObjectVersion = 77;
			productRefGroup = BB1EEB2DC3CAEDA0283E78BC /* Products */;
			projectDirPath = "";
			projectRoot = "";
			targets = (
				757CFEEC6EB5E79AE91431DF /* Biombo */,
				B4B245944DBDB927CAB05033 /* BiomboWidgets */,
				17C2D21C5DEFF67E0DF941A3 /* BiomboTests */,
			);
		};
/* End PBXProject section */

/* Begin PBXResourcesBuildPhase section */
		45D30623598B378AF5AFBAF1 /* Resources */ = {
			isa = PBXResourcesBuildPhase;
			buildActionMask = 2147483647;
			files = (
			);
			runOnlyForDeploymentPostprocessing = 0;
		};
		BAC1E49AC90F7B4C2AE69536 /* Resources */ = {
			isa = PBXResourcesBuildPhase;
			buildActionMask = 2147483647;
			files = (
			);
			runOnlyForDeploymentPostprocessing = 0;
		};
		DA135B543447FEEC3E5D2934 /* Resources */ = {
			isa = PBXResourcesBuildPhase;
			buildActionMask = 2147483647;
			files = (
			);
			runOnlyForDeploymentPostprocessing = 0;
		};
/* End PBXResourcesBuildPhase section */

/* Begin PBXSourcesBuildPhase section */
		04BC66197808AF1A8CB8CE26 /* Sources */ = {
			isa = PBXSourcesBuildPhase;
			buildActionMask = 2147483647;
			files = (
			);
			runOnlyForDeploymentPostprocessing = 0;
		};
		28B6418E9FB8FD6F89B7BC3C /* Sources */ = {
			isa = PBXSourcesBuildPhase;
			buildActionMask = 2147483647;
			files = (
			);
			runOnlyForDeploymentPostprocessing = 0;
		};
		57E44F866020A6DABF1C7E1E /* Sources */ = {
			isa = PBXSourcesBuildPhase;
			buildActionMask = 2147483647;
			files = (
			);
			runOnlyForDeploymentPostprocessing = 0;
		};
/* End PBXSourcesBuildPhase section */

/* Begin PBXTargetDependency section */
		16F043CCFF0759D1FD2DBDD1 /* PBXTargetDependency */ = {
			isa = PBXTargetDependency;
			name = BiomboWidgets;
			target = B4B245944DBDB927CAB05033 /* BiomboWidgets */;
			targetProxy = 0D7D045B3F9EA22DA78EF230 /* PBXContainerItemProxy */;
		};
		D04409F1D16AC5E8DB00CC12 /* PBXTargetDependency */ = {
			isa = PBXTargetDependency;
			name = Biombo;
			target = 757CFEEC6EB5E79AE91431DF /* Biombo */;
			targetProxy = 3636015816408263A165ED77 /* PBXContainerItemProxy */;
		};
/* End PBXTargetDependency section */

/* Begin XCBuildConfiguration section */
		1711CAF9AF9D76A083914054 /* Debug */ = {
			isa = XCBuildConfiguration;
			buildSettings = {
				ALWAYS_SEARCH_USER_PATHS = NO;
				ASSETCATALOG_COMPILER_GENERATE_ASSET_SYMBOLS = YES;
				ASSETCATALOG_COMPILER_GENERATE_SWIFT_ASSET_SYMBOL_EXTENSIONS = NO;
				CLANG_ANALYZER_NONNULL = YES;
				CLANG_ANALYZER_NUMBER_OBJECT_CONVERSION = YES_AGGRESSIVE;
				CLANG_CXX_LANGUAGE_STANDARD = "gnu++14";
				CLANG_CXX_LIBRARY = "libc++";
				CLANG_ENABLE_MODULES = YES;
				CLANG_ENABLE_OBJC_ARC = YES;
				CLANG_ENABLE_OBJC_WEAK = YES;
				CLANG_WARN_BLOCK_CAPTURE_AUTORELEASING = YES;
				CLANG_WARN_BOOL_CONVERSION = YES;
				CLANG_WARN_COMMA = YES;
				CLANG_WARN_CONSTANT_CONVERSION = YES;
				CLANG_WARN_DEPRECATED_OBJC_IMPLEMENTATIONS = YES;
				CLANG_WARN_DIRECT_OBJC_ISA_USAGE = YES_ERROR;
				CLANG_WARN_DOCUMENTATION_COMMENTS = YES;
				CLANG_WARN_EMPTY_BODY = YES;
				CLANG_WARN_ENUM_CONVERSION = YES;
				CLANG_WARN_INFINITE_RECURSION = YES;
				CLANG_WARN_INT_CONVERSION = YES;
				CLANG_WARN_NON_LITERAL_NULL_CONVERSION = YES;
				CLANG_WARN_OBJC_IMPLICIT_RETAIN_SELF = YES;
				CLANG_WARN_OBJC_LITERAL_CONVERSION = YES;
				CLANG_WARN_OBJC_ROOT_CLASS = YES_ERROR;
				CLANG_WARN_QUOTED_INCLUDE_IN_FRAMEWORK_HEADER = YES;
				CLANG_WARN_RANGE_LOOP_ANALYSIS = YES;
				CLANG_WARN_STRICT_PROTOTYPES = YES;
				CLANG_WARN_SUSPICIOUS_MOVE = YES;
				CLANG_WARN_UNGUARDED_AVAILABILITY = YES_AGGRESSIVE;
				CLANG_WARN_UNREACHABLE_CODE = YES;
				CLANG_WARN__DUPLICATE_METHOD_MATCH = YES;
				CODE_SIGN_STYLE = Automatic;
				COPY_PHASE_STRIP = NO;
				DEBUG_INFORMATION_FORMAT = dwarf;
				DEVELOPMENT_TEAM = WU2PJ8AT65;
				ENABLE_STRICT_OBJC_MSGSEND = YES;
				ENABLE_TESTABILITY = YES;
				ENABLE_USER_SCRIPT_SANDBOXING = YES;
				GCC_C_LANGUAGE_STANDARD = gnu11;
				GCC_DYNAMIC_NO_PIC = NO;
				GCC_NO_COMMON_BLOCKS = YES;
				GCC_OPTIMIZATION_LEVEL = 0;
				GCC_PREPROCESSOR_DEFINITIONS = (
					"DEBUG=1",
					"$(inherited)",
				);
				GCC_WARN_64_TO_32_BIT_CONVERSION = YES;
				GCC_WARN_ABOUT_RETURN_TYPE = YES_ERROR;
				GCC_WARN_UNDECLARED_SELECTOR = YES;
				GCC_WARN_UNINITIALIZED_AUTOS = YES_AGGRESSIVE;
				GCC_WARN_UNUSED_FUNCTION = YES;
				GCC_WARN_UNUSED_VARIABLE = YES;
				IPHONEOS_DEPLOYMENT_TARGET = 26.0;
				LOCALIZATION_PREFERS_STRING_CATALOGS = YES;
				MTL_ENABLE_DEBUG_INFO = INCLUDE_SOURCE;
				MTL_FAST_MATH = YES;
				ONLY_ACTIVE_ARCH = YES;
				PRODUCT_NAME = "$(TARGET_NAME)";
				SWIFT_ACTIVE_COMPILATION_CONDITIONS = DEBUG;
				SWIFT_APPROACHABLE_CONCURRENCY = YES;
				SWIFT_OPTIMIZATION_LEVEL = "-Onone";
				SWIFT_UPCOMING_FEATURE_MEMBER_IMPORT_VISIBILITY = YES;
				SWIFT_VERSION = 6.0;
			};
			name = Debug;
		};
		2F96BB089E2CE8DB8C2608E5 /* Release */ = {
			isa = XCBuildConfiguration;
			buildSettings = {
				BUNDLE_LOADER = "$(TEST_HOST)";
				CLANG_ENABLE_OBJC_WEAK = NO;
				GENERATE_INFOPLIST_FILE = YES;
				IPHONEOS_DEPLOYMENT_TARGET = 26.0;
				PRODUCT_BUNDLE_IDENTIFIER = "com.418-studio.biombo.tests";
				PRODUCT_NAME = "$(TARGET_NAME)";
				SDKROOT = iphoneos;
				SWIFT_EMIT_LOC_STRINGS = NO;
				TARGETED_DEVICE_FAMILY = 1;
				TEST_HOST = "$(BUILT_PRODUCTS_DIR)/Biombo.app/$(BUNDLE_EXECUTABLE_FOLDER_PATH)/Biombo";
				VALIDATE_PRODUCT = YES;
			};
			name = Release;
		};
		5C9F80F41E0AD54B68835D4A /* Release */ = {
			isa = XCBuildConfiguration;
			buildSettings = {
				ALWAYS_SEARCH_USER_PATHS = NO;
				ASSETCATALOG_COMPILER_GENERATE_ASSET_SYMBOLS = YES;
				ASSETCATALOG_COMPILER_GENERATE_SWIFT_ASSET_SYMBOL_EXTENSIONS = NO;
				CLANG_ANALYZER_NONNULL = YES;
				CLANG_ANALYZER_NUMBER_OBJECT_CONVERSION = YES_AGGRESSIVE;
				CLANG_CXX_LANGUAGE_STANDARD = "gnu++14";
				CLANG_CXX_LIBRARY = "libc++";
				CLANG_ENABLE_MODULES = YES;
				CLANG_ENABLE_OBJC_ARC = YES;
				CLANG_ENABLE_OBJC_WEAK = YES;
				CLANG_WARN_BLOCK_CAPTURE_AUTORELEASING = YES;
				CLANG_WARN_BOOL_CONVERSION = YES;
				CLANG_WARN_COMMA = YES;
				CLANG_WARN_CONSTANT_CONVERSION = YES;
				CLANG_WARN_DEPRECATED_OBJC_IMPLEMENTATIONS = YES;
				CLANG_WARN_DIRECT_OBJC_ISA_USAGE = YES_ERROR;
				CLANG_WARN_DOCUMENTATION_COMMENTS = YES;
				CLANG_WARN_EMPTY_BODY = YES;
				CLANG_WARN_ENUM_CONVERSION = YES;
				CLANG_WARN_INFINITE_RECURSION = YES;
				CLANG_WARN_INT_CONVERSION = YES;
				CLANG_WARN_NON_LITERAL_NULL_CONVERSION = YES;
				CLANG_WARN_OBJC_IMPLICIT_RETAIN_SELF = YES;
				CLANG_WARN_OBJC_LITERAL_CONVERSION = YES;
				CLANG_WARN_OBJC_ROOT_CLASS = YES_ERROR;
				CLANG_WARN_QUOTED_INCLUDE_IN_FRAMEWORK_HEADER = YES;
				CLANG_WARN_RANGE_LOOP_ANALYSIS = YES;
				CLANG_WARN_STRICT_PROTOTYPES = YES;
				CLANG_WARN_SUSPICIOUS_MOVE = YES;
				CLANG_WARN_UNGUARDED_AVAILABILITY = YES_AGGRESSIVE;
				CLANG_WARN_UNREACHABLE_CODE = YES;
				CLANG_WARN__DUPLICATE_METHOD_MATCH = YES;
				CODE_SIGN_STYLE = Automatic;
				COPY_PHASE_STRIP = NO;
				DEBUG_INFORMATION_FORMAT = "dwarf-with-dsym";
				DEVELOPMENT_TEAM = WU2PJ8AT65;
				ENABLE_NS_ASSERTIONS = NO;
				ENABLE_STRICT_OBJC_MSGSEND = YES;
				ENABLE_USER_SCRIPT_SANDBOXING = YES;
				GCC_C_LANGUAGE_STANDARD = gnu11;
				GCC_NO_COMMON_BLOCKS = YES;
				GCC_WARN_64_TO_32_BIT_CONVERSION = YES;
				GCC_WARN_ABOUT_RETURN_TYPE = YES_ERROR;
				GCC_WARN_UNDECLARED_SELECTOR = YES;
				GCC_WARN_UNINITIALIZED_AUTOS = YES_AGGRESSIVE;
				GCC_WARN_UNUSED_FUNCTION = YES;
				GCC_WARN_UNUSED_VARIABLE = YES;
				IPHONEOS_DEPLOYMENT_TARGET = 26.0;
				LOCALIZATION_PREFERS_STRING_CATALOGS = YES;
				MTL_ENABLE_DEBUG_INFO = NO;
				MTL_FAST_MATH = YES;
				PRODUCT_NAME = "$(TARGET_NAME)";
				SWIFT_APPROACHABLE_CONCURRENCY = YES;
				SWIFT_COMPILATION_MODE = wholemodule;
				SWIFT_OPTIMIZATION_LEVEL = "-O";
				SWIFT_UPCOMING_FEATURE_MEMBER_IMPORT_VISIBILITY = YES;
				SWIFT_VERSION = 6.0;
			};
			name = Release;
		};
		AB52726F5F1C09AE96C22940 /* Debug */ = {
			isa = XCBuildConfiguration;
			buildSettings = {
				BUNDLE_LOADER = "$(TEST_HOST)";
				CLANG_ENABLE_OBJC_WEAK = NO;
				GENERATE_INFOPLIST_FILE = YES;
				IPHONEOS_DEPLOYMENT_TARGET = 26.0;
				PRODUCT_BUNDLE_IDENTIFIER = "com.418-studio.biombo.tests";
				PRODUCT_NAME = "$(TARGET_NAME)";
				SDKROOT = iphoneos;
				SWIFT_EMIT_LOC_STRINGS = NO;
				TARGETED_DEVICE_FAMILY = 1;
				TEST_HOST = "$(BUILT_PRODUCTS_DIR)/Biombo.app/$(BUNDLE_EXECUTABLE_FOLDER_PATH)/Biombo";
			};
			name = Debug;
		};
		B0ED0AB450D964749067CED0 /* Debug */ = {
			isa = XCBuildConfiguration;
			buildSettings = {
				APPLICATION_EXTENSION_API_ONLY = YES;
				CLANG_ENABLE_OBJC_WEAK = NO;
				CODE_SIGN_ENTITLEMENTS = "BiomboWidgets-Support/BiomboWidgets.entitlements";
				CURRENT_PROJECT_VERSION = 1;
				GENERATE_INFOPLIST_FILE = YES;
				INFOPLIST_FILE = "BiomboWidgets-Support/Info.plist";
				INFOPLIST_KEY_CFBundleDisplayName = Biombo;
				IPHONEOS_DEPLOYMENT_TARGET = 26.0;
				LD_RUNPATH_SEARCH_PATHS = (
					"$(inherited)",
					"@executable_path/Frameworks",
					"@executable_path/../../Frameworks",
				);
				MARKETING_VERSION = 0.1;
				PRODUCT_BUNDLE_IDENTIFIER = "com.418-studio.biombo.widgets";
				PRODUCT_NAME = "$(TARGET_NAME)";
				SDKROOT = iphoneos;
				SKIP_INSTALL = YES;
				STRING_CATALOG_GENERATE_SYMBOLS = YES;
				SUPPORTED_PLATFORMS = "iphoneos iphonesimulator";
				SUPPORTS_MACCATALYST = NO;
				SWIFT_EMIT_LOC_STRINGS = YES;
				TARGETED_DEVICE_FAMILY = 1;
			};
			name = Debug;
		};
		B356BFE976A41BAB169ACFE7 /* Debug */ = {
			isa = XCBuildConfiguration;
			buildSettings = {
				ASSETCATALOG_COMPILER_APPICON_NAME = AppIcon;
				ASSETCATALOG_COMPILER_GLOBAL_ACCENT_COLOR_NAME = AccentColor;
				CLANG_ENABLE_OBJC_WEAK = NO;
				CODE_SIGN_ENTITLEMENTS = "Biombo-Support/Biombo.entitlements";
				CURRENT_PROJECT_VERSION = 1;
				ENABLE_PREVIEWS = YES;
				GENERATE_INFOPLIST_FILE = YES;
				INFOPLIST_FILE = "Biombo-Support/Info.plist";
				INFOPLIST_KEY_CFBundleDisplayName = Biombo;
				INFOPLIST_KEY_LSApplicationCategoryType = "public.app-category.navigation";
				INFOPLIST_KEY_NSCameraUsageDescription = "Biombo usa la cámara solo si quieres retratar el letrero de precios de una gasolinera.";
				INFOPLIST_KEY_NSLocationWhenInUseUsageDescription = "Biombo usa tu ubicación para mostrarte lo que pasa cerca: luz, agua, carreteras y gasolina.";
				INFOPLIST_KEY_UIApplicationSceneManifest_Generation = YES;
				INFOPLIST_KEY_UIApplicationSupportsIndirectInputEvents = YES;
				INFOPLIST_KEY_UILaunchScreen_Generation = YES;
				INFOPLIST_KEY_UISupportedInterfaceOrientations_iPhone = UIInterfaceOrientationPortrait;
				IPHONEOS_DEPLOYMENT_TARGET = 26.0;
				LD_RUNPATH_SEARCH_PATHS = (
					"$(inherited)",
					"@executable_path/Frameworks",
				);
				MARKETING_VERSION = 0.1;
				PRODUCT_BUNDLE_IDENTIFIER = "com.418-studio.biombo";
				PRODUCT_NAME = "$(TARGET_NAME)";
				SDKROOT = iphoneos;
				STRING_CATALOG_GENERATE_SYMBOLS = YES;
				SUPPORTED_PLATFORMS = "iphoneos iphonesimulator";
				SUPPORTS_MACCATALYST = NO;
				SUPPORTS_MAC_DESIGNED_FOR_IPHONE_IPAD = NO;
				SUPPORTS_XR_DESIGNED_FOR_IPHONE_IPAD = NO;
				SWIFT_DEFAULT_ACTOR_ISOLATION = MainActor;
				SWIFT_EMIT_LOC_STRINGS = YES;
				TARGETED_DEVICE_FAMILY = 1;
			};
			name = Debug;
		};
		DB805B47F1D7D4E4BC905B88 /* Release */ = {
			isa = XCBuildConfiguration;
			buildSettings = {
				APPLICATION_EXTENSION_API_ONLY = YES;
				CLANG_ENABLE_OBJC_WEAK = NO;
				CODE_SIGN_ENTITLEMENTS = "BiomboWidgets-Support/BiomboWidgets.entitlements";
				CURRENT_PROJECT_VERSION = 1;
				GENERATE_INFOPLIST_FILE = YES;
				INFOPLIST_FILE = "BiomboWidgets-Support/Info.plist";
				INFOPLIST_KEY_CFBundleDisplayName = Biombo;
				IPHONEOS_DEPLOYMENT_TARGET = 26.0;
				LD_RUNPATH_SEARCH_PATHS = (
					"$(inherited)",
					"@executable_path/Frameworks",
					"@executable_path/../../Frameworks",
				);
				MARKETING_VERSION = 0.1;
				PRODUCT_BUNDLE_IDENTIFIER = "com.418-studio.biombo.widgets";
				PRODUCT_NAME = "$(TARGET_NAME)";
				SDKROOT = iphoneos;
				SKIP_INSTALL = YES;
				STRING_CATALOG_GENERATE_SYMBOLS = YES;
				SUPPORTED_PLATFORMS = "iphoneos iphonesimulator";
				SUPPORTS_MACCATALYST = NO;
				SWIFT_EMIT_LOC_STRINGS = YES;
				TARGETED_DEVICE_FAMILY = 1;
				VALIDATE_PRODUCT = YES;
			};
			name = Release;
		};
		F7B265D9A24BAEDD9CB38F74 /* Release */ = {
			isa = XCBuildConfiguration;
			buildSettings = {
				ASSETCATALOG_COMPILER_APPICON_NAME = AppIcon;
				ASSETCATALOG_COMPILER_GLOBAL_ACCENT_COLOR_NAME = AccentColor;
				CLANG_ENABLE_OBJC_WEAK = NO;
				CODE_SIGN_ENTITLEMENTS = "Biombo-Support/Biombo.entitlements";
				CURRENT_PROJECT_VERSION = 1;
				ENABLE_PREVIEWS = YES;
				GENERATE_INFOPLIST_FILE = YES;
				INFOPLIST_FILE = "Biombo-Support/Info.plist";
				INFOPLIST_KEY_CFBundleDisplayName = Biombo;
				INFOPLIST_KEY_LSApplicationCategoryType = "public.app-category.navigation";
				INFOPLIST_KEY_NSCameraUsageDescription = "Biombo usa la cámara solo si quieres retratar el letrero de precios de una gasolinera.";
				INFOPLIST_KEY_NSLocationWhenInUseUsageDescription = "Biombo usa tu ubicación para mostrarte lo que pasa cerca: luz, agua, carreteras y gasolina.";
				INFOPLIST_KEY_UIApplicationSceneManifest_Generation = YES;
				INFOPLIST_KEY_UIApplicationSupportsIndirectInputEvents = YES;
				INFOPLIST_KEY_UILaunchScreen_Generation = YES;
				INFOPLIST_KEY_UISupportedInterfaceOrientations_iPhone = UIInterfaceOrientationPortrait;
				IPHONEOS_DEPLOYMENT_TARGET = 26.0;
				LD_RUNPATH_SEARCH_PATHS = (
					"$(inherited)",
					"@executable_path/Frameworks",
				);
				MARKETING_VERSION = 0.1;
				PRODUCT_BUNDLE_IDENTIFIER = "com.418-studio.biombo";
				PRODUCT_NAME = "$(TARGET_NAME)";
				SDKROOT = iphoneos;
				STRING_CATALOG_GENERATE_SYMBOLS = YES;
				SUPPORTED_PLATFORMS = "iphoneos iphonesimulator";
				SUPPORTS_MACCATALYST = NO;
				SUPPORTS_MAC_DESIGNED_FOR_IPHONE_IPAD = NO;
				SUPPORTS_XR_DESIGNED_FOR_IPHONE_IPAD = NO;
				SWIFT_DEFAULT_ACTOR_ISOLATION = MainActor;
				SWIFT_EMIT_LOC_STRINGS = YES;
				TARGETED_DEVICE_FAMILY = 1;
				VALIDATE_PRODUCT = YES;
			};
			name = Release;
		};
/* End XCBuildConfiguration section */

/* Begin XCConfigurationList section */
		30A1D30236EE5450299F307E /* Build configuration list for PBXNativeTarget "Biombo" */ = {
			isa = XCConfigurationList;
			buildConfigurations = (
				F7B265D9A24BAEDD9CB38F74 /* Release */,
				B356BFE976A41BAB169ACFE7 /* Debug */,
			);
			defaultConfigurationIsVisible = 0;
			defaultConfigurationName = Release;
		};
		C6AC4EE82BD1B2C448484E85 /* Build configuration list for PBXNativeTarget "BiomboWidgets" */ = {
			isa = XCConfigurationList;
			buildConfigurations = (
				DB805B47F1D7D4E4BC905B88 /* Release */,
				B0ED0AB450D964749067CED0 /* Debug */,
			);
			defaultConfigurationIsVisible = 0;
			defaultConfigurationName = Release;
		};
		D0B40E0FB62D3411FE9679D6 /* Build configuration list for PBXProject "Biombo" */ = {
			isa = XCConfigurationList;
			buildConfigurations = (
				1711CAF9AF9D76A083914054 /* Debug */,
				5C9F80F41E0AD54B68835D4A /* Release */,
			);
			defaultConfigurationIsVisible = 0;
			defaultConfigurationName = Release;
		};
		FE7030E5516E31BD9D2585AA /* Build configuration list for PBXNativeTarget "BiomboTests" */ = {
			isa = XCConfigurationList;
			buildConfigurations = (
				2F96BB089E2CE8DB8C2608E5 /* Release */,
				AB52726F5F1C09AE96C22940 /* Debug */,
			);
			defaultConfigurationIsVisible = 0;
			defaultConfigurationName = Release;
		};
/* End XCConfigurationList section */
	};
	rootObject = 5940E47E810975EE650E41FC /* Project object */;
}
